
Microsoft Visual Studio Solution File, Format Version 12.00
# Visual Studio Version 17
VisualStudioVersion = 17.11.35327.3
MinimumVisualStudioVersion = 10.0.40219.1
Project("{8BC9CEB8-8B4A-11D0-8D11-00A0C91BC942}") = "ZMI-2025", "ZMI-2025\ZMI-2025.vcxproj", "{CF643869-EDEF-4E65-A3FD-A1832996620B}"
	ProjectSection(ProjectDependencies) = postProject
		{9B7687D4-C72D-4C9D-863A-D4C71C0C17ED} = {9B7687D4-C72D-4C9D-863A-D4C71C0C17ED}
	EndProjectSection
EndProject
Project("{8BC9CEB8-8B4A-11D0-8D11-00A0C91BC942}") = "InLib", "InLib\InLib.vcxproj", "{9B7687D4-C72D-4C9D-863A-D4C71C0C17ED}"
EndProject
Global
	GlobalSection(SolutionConfigurationPlatforms) = preSolution
		Debug|x64 = Debug|x64
		Debug|x86 = Debug|x86
		Release|x64 = Release|x64
		Release|x86 = Release|x86
	EndGlobalSection
	GlobalSection(ProjectConfigurationPlatforms) = postSolution
		{CF643869-EDEF-4E65-A3FD-A1832996620B}.Debug|x64.ActiveCfg = Debug|x64
		{CF643869-EDEF-4E65-A3FD-A1832996620B}.Debug|x64.Build.0 = Debug|x64
		{CF643869-EDEF-4E65-A3FD-A1832996620B}.Debug|x86.ActiveCfg = Debug|Win32
		{CF643869-EDEF-4E65-A3FD-A1832996620B}.Debug|x86.Build.0 = Debug|Win32
		{CF643869-EDEF-4E65-A3FD-A1832996620B}.Release|x64.ActiveCfg = Release|x64
		{CF643869-EDEF-4E65-A3FD-A1832996620B}.Release|x64.Build.0 = Release|x64
		{CF643869-EDEF-4E65-A3FD-A1832996620B}.Release|x86.ActiveCfg = Release|Win32
		{CF643869-EDEF-4E65-A3FD-A1832996620B}.Release|x86.Build.0 = Release|Win32
		{9B7687D4-C72D-4C9D-863A-D4C71C0C17ED}.Debug|x64.ActiveCfg = Debug|x64
		{9B7687D4-C72D-4C9D-863A-D4C71C0C17ED}.Debug|x64.Build.0 = Debug|x64
		{9B7687D4-C72D-4C9D-863A-D4C71C0C17ED}.Debug|x86.ActiveCfg = Debug|Win32
		{9B7687D4-C72D-4C9D-863A-D4C71C0C17ED}.Debug|x86.Build.0 = Debug|Win32
		{9B7687D4-C72D-4C9D-863A-D4C71C0C17ED}.Release|x64.ActiveCfg = Release|x64
		{9B7687D4-C72D-4C9D-863A-D4C71C0C17ED}.Release|x64.Build.0 = Release|x64
		{9B7687D4-C72D-4C9D-863A-D4C71C0C17ED}.Release|x86.ActiveCfg = Release|Win32
		{9B7687D4-C72D-4C9D-863A-D4C71C0C17ED}.Release|x86.Build.0 = Release|Win32
	EndGlobalSection
	GlobalSection(SolutionProperties) = preSolution
		HideSolutionNode = FALSE
	EndGlobalSection
	GlobalSection(ExtensibilityGlobals) = postSolution
		SolutionGuid = {437F0601-9420-43EC-9BF8-28E3BC9D62F9}
	EndGlobalSection
EndGlobal
